
Microsoft Visual Studio Solution File, Format Version 12.00
# Visual Studio Version 17
VisualStudioVersion = 17.5.33627.172
MinimumVisualStudioVersion = 10.0.40219.1
Project("{FAE04EC0-301F-11D3-BF4B-00C04F79EFBC}") = "Small_Project_AuthApi", "Small_Project_AuthApi\Small_Project_AuthApi.csproj", "{E1ACF15C-9A45-4AA8-9492-2F2B91EAC2A6}"
EndProject
Global
	GlobalSection(SolutionConfigurationPlatforms) = preSolution
		Debug|Any CPU = Debug|Any CPU
		Release|Any CPU = Release|Any CPU
	EndGlobalSection
	GlobalSection(ProjectConfigurationPlatforms) = postSolution
		{E1ACF15C-9A45-4AA8-9492-2F2B91EAC2A6}.Debug|Any CPU.ActiveCfg = Debug|Any CPU
		{E1ACF15C-9A45-4AA8-9492-2F2B91EAC2A6}.Debug|Any CPU.Build.0 = Debug|Any CPU
		{E1ACF15C-9A45-4AA8-9492-2F2B91EAC2A6}.Release|Any CPU.ActiveCfg = Release|Any CPU
		{E1ACF15C-9A45-4AA8-9492-2F2B91EAC2A6}.Release|Any CPU.Build.0 = Release|Any CPU
	EndGlobalSection
	GlobalSection(SolutionProperties) = preSolution
		HideSolutionNode = FALSE
	EndGlobalSection
	GlobalSection(ExtensibilityGlobals) = postSolution
		SolutionGuid = {18F1837B-54CF-4399-8191-CFE9DE5F5212}
	EndGlobalSection
EndGlobal
